// !$*UTF8*$!
{
	archiveVersion = 1;
	classes = {
	};
	objectVersion = 50;
	objects = {

/* Begin PBXBuildFile section */
		652B4F7D2424B45600C5C007 /* GDP_SMSCodeButton.m in Sources */ = {isa = PBXBuildFile; fileRef = 652B4F7B2424B45500C5C007 /* GDP_SMSCodeButton.m */; };
		657CE28023A2112C00D6C332 /* UIView+ScrollToTop.m in Sources */ = {isa = PBXBuildFile; fileRef = 657CE26C23A2112B00D6C332 /* UIView+ScrollToTop.m */; };
		657CE28123A2112C00D6C332 /* GDPFileManager.m in Sources */ = {isa = PBXBuildFile; fileRef = 657CE26D23A2112B00D6C332 /* GDPFileManager.m */; };
		657CE28223A2112D00D6C332 /* NSDate+GDP.m in Sources */ = {isa = PBXBuildFile; fileRef = 657CE26E23A2112B00D6C332 /* NSDate+GDP.m */; };
		657CE28323A2112D00D6C332 /* UILabel+GDP.m in Sources */ = {isa = PBXBuildFile; fileRef = 657CE26F23A2112B00D6C332 /* UILabel+GDP.m */; };
		657CE28423A2112D00D6C332 /* UITabBar+GDP.m in Sources */ = {isa = PBXBuildFile; fileRef = 657CE27423A2112C00D6C332 /* UITabBar+GDP.m */; };
		657CE28623A2112D00D6C332 /* UINavigationController+GDP.m in Sources */ = {isa = PBXBuildFile; fileRef = 657CE27823A2112C00D6C332 /* UINavigationController+GDP.m */; };
		657CE28723A2112D00D6C332 /* UITextField+GDP.m in Sources */ = {isa = PBXBuildFile; fileRef = 657CE27923A2112C00D6C332 /* UITextField+GDP.m */; };
		657CE28823A2112D00D6C332 /* UITextField+NumberFormat.m in Sources */ = {isa = PBXBuildFile; fileRef = 657CE27C23A2112C00D6C332 /* UITextField+NumberFormat.m */; };
		657CE28923A2112D00D6C332 /* UIView+GDP.m in Sources */ = {isa = PBXBuildFile; fileRef = 657CE27E23A2112C00D6C332 /* UIView+GDP.m */; };
		65B6031F24B47D4A009F0755 /* UIViewController+BackPopGestureRecognizer.m in Sources */ = {isa = PBXBuildFile; fileRef = 65B6031E24B47D4A009F0755 /* UIViewController+BackPopGestureRecognizer.m */; };
		65D61A3F2488BDC400CF4ACC /* UIViewController+ModalPresentationStyle.m in Sources */ = {isa = PBXBuildFile; fileRef = 65D61A3E2488BDC400CF4ACC /* UIViewController+ModalPresentationStyle.m */; };
		65E98FC524EBD54D00CD59E7 /* GDPCornerManager.m in Sources */ = {isa = PBXBuildFile; fileRef = 65E98FC424EBD54D00CD59E7 /* GDPCornerManager.m */; };
		FE5088C220B66D44002E5159 /* AppDelegate.m in Sources */ = {isa = PBXBuildFile; fileRef = FE5088C120B66D44002E5159 /* AppDelegate.m */; };
		FE5088C520B66D44002E5159 /* ViewController.m in Sources */ = {isa = PBXBuildFile; fileRef = FE5088C420B66D44002E5159 /* ViewController.m */; };
		FE5088C820B66D44002E5159 /* Main.storyboard in Resources */ = {isa = PBXBuildFile; fileRef = FE5088C620B66D44002E5159 /* Main.storyboard */; };
		FE5088CA20B66D46002E5159 /* Assets.xcassets in Resources */ = {isa = PBXBuildFile; fileRef = FE5088C920B66D46002E5159 /* Assets.xcassets */; };
		FE5088CD20B66D46002E5159 /* LaunchScreen.storyboard in Resources */ = {isa = PBXBuildFile; fileRef = FE5088CB20B66D46002E5159 /* LaunchScreen.storyboard */; };
		FE5088D020B66D46002E5159 /* main.m in Sources */ = {isa = PBXBuildFile; fileRef = FE5088CF20B66D46002E5159 /* main.m */; };
		FE5088E020B66EF6002E5159 /* NSString+GDP.m in Sources */ = {isa = PBXBuildFile; fileRef = FE5088D720B66EF6002E5159 /* NSString+GDP.m */; };
		FE5088E220B66EF6002E5159 /* UIImage+GDP.m in Sources */ = {isa = PBXBuildFile; fileRef = FE5088DE20B66EF6002E5159 /* UIImage+GDP.m */; };
		FE5088E320B66EF6002E5159 /* UIViewController+GDP.m in Sources */ = {isa = PBXBuildFile; fileRef = FE5088DF20B66EF6002E5159 /* UIViewController+GDP.m */; };
		FE5088E720B68B16002E5159 /* hua.png in Resources */ = {isa = PBXBuildFile; fileRef = FE5088E620B68B16002E5159 /* hua.png */; };
		FE99D5BC212BF2C800BE52AA /* UIAlertController+GDP.m in Sources */ = {isa = PBXBuildFile; fileRef = FE99D5BA212BF2C800BE52AA /* UIAlertController+GDP.m */; };
/* End PBXBuildFile section */

/* Begin PBXFileReference section */
		652B4F7B2424B45500C5C007 /* GDP_SMSCodeButton.m */ = {isa = PBXFileReference; fileEncoding = 4; lastKnownFileType = sourcecode.c.objc; path = GDP_SMSCodeButton.m; sourceTree = "<group>"; };
		652B4F7C2424B45500C5C007 /* GDP_SMSCodeButton.h */ = {isa = PBXFileReference; fileEncoding = 4; lastKnownFileType = sourcecode.c.h; path = GDP_SMSCodeButton.h; sourceTree = "<group>"; };
		657CE26C23A2112B00D6C332 /* UIView+ScrollToTop.m */ = {isa = PBXFileReference; fileEncoding = 4; lastKnownFileType = sourcecode.c.objc; path = "UIView+ScrollToTop.m"; sourceTree = "<group>"; };
		657CE26D23A2112B00D6C332 /* GDPFileManager.m */ = {isa = PBXFileReference; fileEncoding = 4; lastKnownFileType = sourcecode.c.objc; path = GDPFileManager.m; sourceTree = "<group>"; };
		657CE26E23A2112B00D6C332 /* NSDate+GDP.m */ = {isa = PBXFileReference; fileEncoding = 4; lastKnownFileType = sourcecode.c.objc; path = "NSDate+GDP.m"; sourceTree = "<group>"; };
		657CE26F23A2112B00D6C332 /* UILabel+GDP.m */ = {isa = PBXFileReference; fileEncoding = 4; lastKnownFileType = sourcecode.c.objc; path = "UILabel+GDP.m"; sourceTree = "<group>"; };
		657CE27123A2112B00D6C332 /* UINavigationController+GDP.h */ = {isa = PBXFileReference; fileEncoding = 4; lastKnownFileType = sourcecode.c.h; path = "UINavigationController+GDP.h"; sourceTree = "<group>"; };
		657CE27223A2112B00D6C332 /* UIView+GDP.h */ = {isa = PBXFileReference; fileEncoding = 4; lastKnownFileType = sourcecode.c.h; path = "UIView+GDP.h"; sourceTree = "<group>"; };
		657CE27323A2112C00D6C332 /* UITabBar+GDP.h */ = {isa = PBXFileReference; fileEncoding = 4; lastKnownFileType = sourcecode.c.h; path = "UITabBar+GDP.h"; sourceTree = "<group>"; };
		657CE27423A2112C00D6C332 /* UITabBar+GDP.m */ = {isa = PBXFileReference; fileEncoding = 4; lastKnownFileType = sourcecode.c.objc; path = "UITabBar+GDP.m"; sourceTree = "<group>"; };
		657CE27523A2112C00D6C332 /* UILabel+GDP.h */ = {isa = PBXFileReference; fileEncoding = 4; lastKnownFileType = sourcecode.c.h; path = "UILabel+GDP.h"; sourceTree = "<group>"; };
		657CE27723A2112C00D6C332 /* GDPFileManager.h */ = {isa = PBXFileReference; fileEncoding = 4; lastKnownFileType = sourcecode.c.h; path = GDPFileManager.h; sourceTree = "<group>"; };
		657CE27823A2112C00D6C332 /* UINavigationController+GDP.m */ = {isa = PBXFileReference; fileEncoding = 4; lastKnownFileType = sourcecode.c.objc; path = "UINavigationController+GDP.m"; sourceTree = "<group>"; };
		657CE27923A2112C00D6C332 /* UITextField+GDP.m */ = {isa = PBXFileReference; fileEncoding = 4; lastKnownFileType = sourcecode.c.objc; path = "UITextField+GDP.m"; sourceTree = "<group>"; };
		657CE27A23A2112C00D6C332 /* UITextField+GDP.h */ = {isa = PBXFileReference; fileEncoding = 4; lastKnownFileType = sourcecode.c.h; path = "UITextField+GDP.h"; sourceTree = "<group>"; };
		657CE27B23A2112C00D6C332 /* UITextField+NumberFormat.h */ = {isa = PBXFileReference; fileEncoding = 4; lastKnownFileType = sourcecode.c.h; path = "UITextField+NumberFormat.h"; sourceTree = "<group>"; };
		657CE27C23A2112C00D6C332 /* UITextField+NumberFormat.m */ = {isa = PBXFileReference; fileEncoding = 4; lastKnownFileType = sourcecode.c.objc; path = "UITextField+NumberFormat.m"; sourceTree = "<group>"; };
		657CE27D23A2112C00D6C332 /* NSDate+GDP.h */ = {isa = PBXFileReference; fileEncoding = 4; lastKnownFileType = sourcecode.c.h; path = "NSDate+GDP.h"; sourceTree = "<group>"; };
		657CE27E23A2112C00D6C332 /* UIView+GDP.m */ = {isa = PBXFileReference; fileEncoding = 4; lastKnownFileType = sourcecode.c.objc; path = "UIView+GDP.m"; sourceTree = "<group>"; };
		657CE27F23A2112C00D6C332 /* UIView+ScrollToTop.h */ = {isa = PBXFileReference; fileEncoding = 4; lastKnownFileType = sourcecode.c.h; path = "UIView+ScrollToTop.h"; sourceTree = "<group>"; };
		65B6031D24B47D4A009F0755 /* UIViewController+BackPopGestureRecognizer.h */ = {isa = PBXFileReference; lastKnownFileType = sourcecode.c.h; path = "UIViewController+BackPopGestureRecognizer.h"; sourceTree = "<group>"; };
		65B6031E24B47D4A009F0755 /* UIViewController+BackPopGestureRecognizer.m */ = {isa = PBXFileReference; lastKnownFileType = sourcecode.c.objc; path = "UIViewController+BackPopGestureRecognizer.m"; sourceTree = "<group>"; };
		65D61A3D2488BDC400CF4ACC /* UIViewController+ModalPresentationStyle.h */ = {isa = PBXFileReference; fileEncoding = 4; lastKnownFileType = sourcecode.c.h; path = "UIViewController+ModalPresentationStyle.h"; sourceTree = "<group>"; };
		65D61A3E2488BDC400CF4ACC /* UIViewController+ModalPresentationStyle.m */ = {isa = PBXFileReference; fileEncoding = 4; lastKnownFileType = sourcecode.c.objc; path = "UIViewController+ModalPresentationStyle.m"; sourceTree = "<group>"; };
		65E98FC324EBD54D00CD59E7 /* GDPCornerManager.h */ = {isa = PBXFileReference; lastKnownFileType = sourcecode.c.h; path = GDPCornerManager.h; sourceTree = "<group>"; };
		65E98FC424EBD54D00CD59E7 /* GDPCornerManager.m */ = {isa = PBXFileReference; lastKnownFileType = sourcecode.c.objc; path = GDPCornerManager.m; sourceTree = "<group>"; };
		FE5088BD20B66D44002E5159 /* GDPKit.app */ = {isa = PBXFileReference; explicitFileType = wrapper.application; includeInIndex = 0; path = GDPKit.app; sourceTree = BUILT_PRODUCTS_DIR; };
		FE5088C020B66D44002E5159 /* AppDelegate.h */ = {isa = PBXFileReference; lastKnownFileType = sourcecode.c.h; path = AppDelegate.h; sourceTree = "<group>"; };
		FE5088C120B66D44002E5159 /* AppDelegate.m */ = {isa = PBXFileReference; lastKnownFileType = sourcecode.c.objc; path = AppDelegate.m; sourceTree = "<group>"; };
		FE5088C320B66D44002E5159 /* ViewController.h */ = {isa = PBXFileReference; lastKnownFileType = sourcecode.c.h; path = ViewController.h; sourceTree = "<group>"; };
		FE5088C420B66D44002E5159 /* ViewController.m */ = {isa = PBXFileReference; lastKnownFileType = sourcecode.c.objc; path = ViewController.m; sourceTree = "<group>"; };
		FE5088C720B66D44002E5159 /* Base */ = {isa = PBXFileReference; lastKnownFileType = file.storyboard; name = Base; path = Base.lproj/Main.storyboard; sourceTree = "<group>"; };
		FE5088C920B66D46002E5159 /* Assets.xcassets */ = {isa = PBXFileReference; lastKnownFileType = folder.assetcatalog; path = Assets.xcassets; sourceTree = "<group>"; };
		FE5088CC20B66D46002E5159 /* Base */ = {isa = PBXFileReference; lastKnownFileType = file.storyboard; name = Base; path = Base.lproj/LaunchScreen.storyboard; sourceTree = "<group>"; };
		FE5088CE20B66D46002E5159 /* Info.plist */ = {isa = PBXFileReference; lastKnownFileType = text.plist.xml; path = Info.plist; sourceTree = "<group>"; };
		FE5088CF20B66D46002E5159 /* main.m */ = {isa = PBXFileReference; lastKnownFileType = sourcecode.c.objc; path = main.m; sourceTree = "<group>"; };
		FE5088D720B66EF6002E5159 /* NSString+GDP.m */ = {isa = PBXFileReference; fileEncoding = 4; lastKnownFileType = sourcecode.c.objc; path = "NSString+GDP.m"; sourceTree = "<group>"; };
		FE5088D920B66EF6002E5159 /* UIViewController+GDP.h */ = {isa = PBXFileReference; fileEncoding = 4; lastKnownFileType = sourcecode.c.h; path = "UIViewController+GDP.h"; sourceTree = "<group>"; };
		FE5088DA20B66EF6002E5159 /* UIImage+GDP.h */ = {isa = PBXFileReference; fileEncoding = 4; lastKnownFileType = sourcecode.c.h; path = "UIImage+GDP.h"; sourceTree = "<group>"; };
		FE5088DB20B66EF6002E5159 /* GDPKit.h */ = {isa = PBXFileReference; fileEncoding = 4; lastKnownFileType = sourcecode.c.h; path = GDPKit.h; sourceTree = "<group>"; };
		FE5088DC20B66EF6002E5159 /* NSString+GDP.h */ = {isa = PBXFileReference; fileEncoding = 4; lastKnownFileType = sourcecode.c.h; path = "NSString+GDP.h"; sourceTree = "<group>"; };
		FE5088DE20B66EF6002E5159 /* UIImage+GDP.m */ = {isa = PBXFileReference; fileEncoding = 4; lastKnownFileType = sourcecode.c.objc; path = "UIImage+GDP.m"; sourceTree = "<group>"; };
		FE5088DF20B66EF6002E5159 /* UIViewController+GDP.m */ = {isa = PBXFileReference; fileEncoding = 4; lastKnownFileType = sourcecode.c.objc; path = "UIViewController+GDP.m"; sourceTree = "<group>"; };
		FE5088E620B68B16002E5159 /* hua.png */ = {isa = PBXFileReference; lastKnownFileType = image.png; path = hua.png; sourceTree = "<group>"; };
		FE99D5BA212BF2C800BE52AA /* UIAlertController+GDP.m */ = {isa = PBXFileReference; fileEncoding = 4; lastKnownFileType = sourcecode.c.objc; path = "UIAlertController+GDP.m"; sourceTree = "<group>"; };
		FE99D5BB212BF2C800BE52AA /* UIAlertController+GDP.h */ = {isa = PBXFileReference; fileEncoding = 4; lastKnownFileType = sourcecode.c.h; path = "UIAlertController+GDP.h"; sourceTree = "<group>"; };
/* End PBXFileReference section */

/* Begin PBXFrameworksBuildPhase section */
		FE5088BA20B66D44002E5159 /* Frameworks */ = {
			isa = PBXFrameworksBuildPhase;
			buildActionMask = 2147483647;
			files = (
			);
			runOnlyForDeploymentPostprocessing = 0;
		};
/* End PBXFrameworksBuildPhase section */

/* Begin PBXGroup section */
		FE5088B420B66D44002E5159 = {
			isa = PBXGroup;
			children = (
				FE5088BF20B66D44002E5159 /* GDPKit */,
				FE5088BE20B66D44002E5159 /* Products */,
			);
			sourceTree = "<group>";
		};
		FE5088BE20B66D44002E5159 /* Products */ = {
			isa = PBXGroup;
			children = (
				FE5088BD20B66D44002E5159 /* GDPKit.app */,
			);
			name = Products;
			sourceTree = "<group>";
		};
		FE5088BF20B66D44002E5159 /* GDPKit */ = {
			isa = PBXGroup;
			children = (
				FE5088D620B66EF6002E5159 /* GDPKit */,
				FE5088C020B66D44002E5159 /* AppDelegate.h */,
				FE5088C120B66D44002E5159 /* AppDelegate.m */,
				FE5088C320B66D44002E5159 /* ViewController.h */,
				FE5088C420B66D44002E5159 /* ViewController.m */,
				FE5088E620B68B16002E5159 /* hua.png */,
				FE5088C620B66D44002E5159 /* Main.storyboard */,
				FE5088C920B66D46002E5159 /* Assets.xcassets */,
				FE5088CB20B66D46002E5159 /* LaunchScreen.storyboard */,
				FE5088CE20B66D46002E5159 /* Info.plist */,
				FE5088CF20B66D46002E5159 /* main.m */,
			);
			path = GDPKit;
			sourceTree = "<group>";
		};
		FE5088D620B66EF6002E5159 /* GDPKit */ = {
			isa = PBXGroup;
			children = (
				FE5088DB20B66EF6002E5159 /* GDPKit.h */,
				FE5088DC20B66EF6002E5159 /* NSString+GDP.h */,
				FE5088D720B66EF6002E5159 /* NSString+GDP.m */,
				657CE27D23A2112C00D6C332 /* NSDate+GDP.h */,
				657CE26E23A2112B00D6C332 /* NSDate+GDP.m */,
				657CE27523A2112C00D6C332 /* UILabel+GDP.h */,
				657CE26F23A2112B00D6C332 /* UILabel+GDP.m */,
				657CE27323A2112C00D6C332 /* UITabBar+GDP.h */,
				657CE27423A2112C00D6C332 /* UITabBar+GDP.m */,
				657CE27A23A2112C00D6C332 /* UITextField+GDP.h */,
				657CE27923A2112C00D6C332 /* UITextField+GDP.m */,
				657CE27223A2112B00D6C332 /* UIView+GDP.h */,
				657CE27E23A2112C00D6C332 /* UIView+GDP.m */,
				65E98FC324EBD54D00CD59E7 /* GDPCornerManager.h */,
				65E98FC424EBD54D00CD59E7 /* GDPCornerManager.m */,
				FE5088DA20B66EF6002E5159 /* UIImage+GDP.h */,
				FE5088DE20B66EF6002E5159 /* UIImage+GDP.m */,
				657CE27F23A2112C00D6C332 /* UIView+ScrollToTop.h */,
				657CE26C23A2112B00D6C332 /* UIView+ScrollToTop.m */,
				FE5088D920B66EF6002E5159 /* UIViewController+GDP.h */,
				FE5088DF20B66EF6002E5159 /* UIViewController+GDP.m */,
				65D61A3D2488BDC400CF4ACC /* UIViewController+ModalPresentationStyle.h */,
				65D61A3E2488BDC400CF4ACC /* UIViewController+ModalPresentationStyle.m */,
				FE99D5BB212BF2C800BE52AA /* UIAlertController+GDP.h */,
				FE99D5BA212BF2C800BE52AA /* UIAlertController+GDP.m */,
				657CE27123A2112B00D6C332 /* UINavigationController+GDP.h */,
				657CE27823A2112C00D6C332 /* UINavigationController+GDP.m */,
				657CE27B23A2112C00D6C332 /* UITextField+NumberFormat.h */,
				657CE27C23A2112C00D6C332 /* UITextField+NumberFormat.m */,
				657CE27723A2112C00D6C332 /* GDPFileManager.h */,
				657CE26D23A2112B00D6C332 /* GDPFileManager.m */,
				652B4F7C2424B45500C5C007 /* GDP_SMSCodeButton.h */,
				652B4F7B2424B45500C5C007 /* GDP_SMSCodeButton.m */,
				65B6031D24B47D4A009F0755 /* UIViewController+BackPopGestureRecognizer.h */,
				65B6031E24B47D4A009F0755 /* UIViewController+BackPopGestureRecognizer.m */,
			);
			path = GDPKit;
			sourceTree = "<group>";
		};
/* End PBXGroup section */

/* Begin PBXNativeTarget section */
		FE5088BC20B66D44002E5159 /* GDPKit */ = {
			isa = PBXNativeTarget;
			buildConfigurationList = FE5088D320B66D46002E5159 /* Build configuration list for PBXNativeTarget "GDPKit" */;
			buildPhases = (
				FE5088B920B66D44002E5159 /* Sources */,
				FE5088BA20B66D44002E5159 /* Frameworks */,
				FE5088BB20B66D44002E5159 /* Resources */,
			);
			buildRules = (
			);
			dependencies = (
			);
			name = GDPKit;
			productName = GDPKit;
			productReference = FE5088BD20B66D44002E5159 /* GDPKit.app */;
			productType = "com.apple.product-type.application";
		};
/* End PBXNativeTarget section */

/* Begin PBXProject section */
		FE5088B520B66D44002E5159 /* Project object */ = {
			isa = PBXProject;
			attributes = {
				LastUpgradeCheck = 0930;
				ORGANIZATIONNAME = sunmumu;
				TargetAttributes = {
					FE5088BC20B66D44002E5159 = {
						CreatedOnToolsVersion = 9.3.1;
					};
				};
			};
			buildConfigurationList = FE5088B820B66D44002E5159 /* Build configuration list for PBXProject "GDPKit" */;
			compatibilityVersion = "Xcode 9.3";
			developmentRegion = en;
			hasScannedForEncodings = 0;
			knownRegions = (
				en,
				Base,
			);
			mainGroup = FE5088B420B66D44002E5159;
			productRefGroup = FE5088BE20B66D44002E5159 /* Products */;
			projectDirPath = "";
			projectRoot = "";
			targets = (
				FE5088BC20B66D44002E5159 /* GDPKit */,
			);
		};
/* End PBXProject section */

/* Begin PBXResourcesBuildPhase section */
		FE5088BB20B66D44002E5159 /* Resources */ = {
			isa = PBXResourcesBuildPhase;
			buildActionMask = 2147483647;
			files = (
				FE5088E720B68B16002E5159 /* hua.png in Resources */,
				FE5088CD20B66D46002E5159 /* LaunchScreen.storyboard in Resources */,
				FE5088CA20B66D46002E5159 /* Assets.xcassets in Resources */,
				FE5088C820B66D44002E5159 /* Main.storyboard in Resources */,
			);
			runOnlyForDeploymentPostprocessing = 0;
		};
/* End PBXResourcesBuildPhase section */

/* Begin PBXSourcesBuildPhase section */
		FE5088B920B66D44002E5159 /* Sources */ = {
			isa = PBXSourcesBuildPhase;
			buildActionMask = 2147483647;
			files = (
				657CE28223A2112D00D6C332 /* NSDate+GDP.m in Sources */,
				657CE28823A2112D00D6C332 /* UITextField+NumberFormat.m in Sources */,
				65D61A3F2488BDC400CF4ACC /* UIViewController+ModalPresentationStyle.m in Sources */,
				FE5088C520B66D44002E5159 /* ViewController.m in Sources */,
				65E98FC524EBD54D00CD59E7 /* GDPCornerManager.m in Sources */,
				657CE28923A2112D00D6C332 /* UIView+GDP.m in Sources */,
				FE99D5BC212BF2C800BE52AA /* UIAlertController+GDP.m in Sources */,
				657CE28323A2112D00D6C332 /* UILabel+GDP.m in Sources */,
				65B6031F24B47D4A009F0755 /* UIViewController+BackPopGestureRecognizer.m in Sources */,
				657CE28123A2112C00D6C332 /* GDPFileManager.m in Sources */,
				FE5088D020B66D46002E5159 /* main.m in Sources */,
				FE5088E220B66EF6002E5159 /* UIImage+GDP.m in Sources */,
				657CE28723A2112D00D6C332 /* UITextField+GDP.m in Sources */,
				657CE28423A2112D00D6C332 /* UITabBar+GDP.m in Sources */,
				FE5088C220B66D44002E5159 /* AppDelegate.m in Sources */,
				657CE28023A2112C00D6C332 /* UIView+ScrollToTop.m in Sources */,
				652B4F7D2424B45600C5C007 /* GDP_SMSCodeButton.m in Sources */,
				657CE28623A2112D00D6C332 /* UINavigationController+GDP.m in Sources */,
				FE5088E320B66EF6002E5159 /* UIViewController+GDP.m in Sources */,
				FE5088E020B66EF6002E5159 /* NSString+GDP.m in Sources */,
			);
			runOnlyForDeploymentPostprocessing = 0;
		};
/* End PBXSourcesBuildPhase section */

/* Begin PBXVariantGroup section */
		FE5088C620B66D44002E5159 /* Main.storyboard */ = {
			isa = PBXVariantGroup;
			children = (
				FE5088C720B66D44002E5159 /* Base */,
			);
			name = Main.storyboard;
			sourceTree = "<group>";
		};
		FE5088CB20B66D46002E5159 /* LaunchScreen.storyboard */ = {
			isa = PBXVariantGroup;
			children = (
				FE5088CC20B66D46002E5159 /* Base */,
			);
			name = LaunchScreen.storyboard;
			sourceTree = "<group>";
		};
/* End PBXVariantGroup section */

/* Begin XCBuildConfiguration section */
		FE5088D120B66D46002E5159 /* Debug */ = {
			isa = XCBuildConfiguration;
			buildSettings = {
				ALWAYS_SEARCH_USER_PATHS = NO;
				CLANG_ANALYZER_NONNULL = YES;
				CLANG_ANALYZER_NUMBER_OBJECT_CONVERSION = YES_AGGRESSIVE;
				CLANG_CXX_LANGUAGE_STANDARD = "gnu++14";
				CLANG_CXX_LIBRARY = "libc++";
				CLANG_ENABLE_MODULES = YES;
				CLANG_ENABLE_OBJC_ARC = YES;
				CLANG_ENABLE_OBJC_WEAK = YES;
				CLANG_WARN_BLOCK_CAPTURE_AUTORELEASING = YES;
				CLANG_WARN_BOOL_CONVERSION = YES;
				CLANG_WARN_COMMA = YES;
				CLANG_WARN_CONSTANT_CONVERSION = YES;
				CLANG_WARN_DEPRECATED_OBJC_IMPLEMENTATIONS = YES;
				CLANG_WARN_DIRECT_OBJC_ISA_USAGE = YES_ERROR;
				CLANG_WARN_DOCUMENTATION_COMMENTS = YES;
				CLANG_WARN_EMPTY_BODY = YES;
				CLANG_WARN_ENUM_CONVERSION = YES;
				CLANG_WARN_INFINITE_RECURSION = YES;
				CLANG_WARN_INT_CONVERSION = YES;
				CLANG_WARN_NON_LITERAL_NULL_CONVERSION = YES;
				CLANG_WARN_OBJC_IMPLICIT_RETAIN_SELF = YES;
				CLANG_WARN_OBJC_LITERAL_CONVERSION = YES;
				CLANG_WARN_OBJC_ROOT_CLASS = YES_ERROR;
				CLANG_WARN_RANGE_LOOP_ANALYSIS = YES;
				CLANG_WARN_STRICT_PROTOTYPES = YES;
				CLANG_WARN_SUSPICIOUS_MOVE = YES;
				CLANG_WARN_UNGUARDED_AVAILABILITY = YES_AGGRESSIVE;
				CLANG_WARN_UNREACHABLE_CODE = YES;
				CLANG_WARN__DUPLICATE_METHOD_MATCH = YES;
				CODE_SIGN_IDENTITY = "iPhone Developer";
				COPY_PHASE_STRIP = NO;
				DEBUG_INFORMATION_FORMAT = dwarf;
				ENABLE_STRICT_OBJC_MSGSEND = YES;
				ENABLE_TESTABILITY = YES;
				GCC_C_LANGUAGE_STANDARD = gnu11;
				GCC_DYNAMIC_NO_PIC = NO;
				GCC_NO_COMMON_BLOCKS = YES;
				GCC_OPTIMIZATION_LEVEL = 0;
				GCC_PREPROCESSOR_DEFINITIONS = (
					"DEBUG=1",
					"$(inherited)",
				);
				GCC_WARN_64_TO_32_BIT_CONVERSION = YES;
				GCC_WARN_ABOUT_RETURN_TYPE = YES_ERROR;
				GCC_WARN_UNDECLARED_SELECTOR = YES;
				GCC_WARN_UNINITIALIZED_AUTOS = YES_AGGRESSIVE;
				GCC_WARN_UNUSED_FUNCTION = YES;
				GCC_WARN_UNUSED_VARIABLE = YES;
				IPHONEOS_DEPLOYMENT_TARGET = 11.3;
				MTL_ENABLE_DEBUG_INFO = YES;
				ONLY_ACTIVE_ARCH = YES;
				SDKROOT = iphoneos;
			};
			name = Debug;
		};
		FE5088D220B66D46002E5159 /* Release */ = {
			isa = XCBuildConfiguration;
			buildSettings = {
				ALWAYS_SEARCH_USER_PATHS = NO;
				CLANG_ANALYZER_NONNULL = YES;
				CLANG_ANALYZER_NUMBER_OBJECT_CONVERSION = YES_AGGRESSIVE;
				CLANG_CXX_LANGUAGE_STANDARD = "gnu++14";
				CLANG_CXX_LIBRARY = "libc++";
				CLANG_ENABLE_MODULES = YES;
				CLANG_ENABLE_OBJC_ARC = YES;
				CLANG_ENABLE_OBJC_WEAK = YES;
				CLANG_WARN_BLOCK_CAPTURE_AUTORELEASING = YES;
				CLANG_WARN_BOOL_CONVERSION = YES;
				CLANG_WARN_COMMA = YES;
				CLANG_WARN_CONSTANT_CONVERSION = YES;
				CLANG_WARN_DEPRECATED_OBJC_IMPLEMENTATIONS = YES;
				CLANG_WARN_DIRECT_OBJC_ISA_USAGE = YES_ERROR;
				CLANG_WARN_DOCUMENTATION_COMMENTS = YES;
				CLANG_WARN_EMPTY_BODY = YES;
				CLANG_WARN_ENUM_CONVERSION = YES;
				CLANG_WARN_INFINITE_RECURSION = YES;
				CLANG_WARN_INT_CONVERSION = YES;
				CLANG_WARN_NON_LITERAL_NULL_CONVERSION = YES;
				CLANG_WARN_OBJC_IMPLICIT_RETAIN_SELF = YES;
				CLANG_WARN_OBJC_LITERAL_CONVERSION = YES;
				CLANG_WARN_OBJC_ROOT_CLASS = YES_ERROR;
				CLANG_WARN_RANGE_LOOP_ANALYSIS = YES;
				CLANG_WARN_STRICT_PROTOTYPES = YES;
				CLANG_WARN_SUSPICIOUS_MOVE = YES;
				CLANG_WARN_UNGUARDED_AVAILABILITY = YES_AGGRESSIVE;
				CLANG_WARN_UNREACHABLE_CODE = YES;
				CLANG_WARN__DUPLICATE_METHOD_MATCH = YES;
				CODE_SIGN_IDENTITY = "iPhone Developer";
				COPY_PHASE_STRIP = NO;
				DEBUG_INFORMATION_FORMAT = "dwarf-with-dsym";
				ENABLE_NS_ASSERTIONS = NO;
				ENABLE_STRICT_OBJC_MSGSEND = YES;
				GCC_C_LANGUAGE_STANDARD = gnu11;
				GCC_NO_COMMON_BLOCKS = YES;
				GCC_WARN_64_TO_32_BIT_CONVERSION = YES;
				GCC_WARN_ABOUT_RETURN_TYPE = YES_ERROR;
				GCC_WARN_UNDECLARED_SELECTOR = YES;
				GCC_WARN_UNINITIALIZED_AUTOS = YES_AGGRESSIVE;
				GCC_WARN_UNUSED_FUNCTION = YES;
				GCC_WARN_UNUSED_VARIABLE = YES;
				IPHONEOS_DEPLOYMENT_TARGET = 11.3;
				MTL_ENABLE_DEBUG_INFO = NO;
				SDKROOT = iphoneos;
				VALIDATE_PRODUCT = YES;
			};
			name = Release;
		};
		FE5088D420B66D46002E5159 /* Debug */ = {
			isa = XCBuildConfiguration;
			buildSettings = {
				ASSETCATALOG_COMPILER_APPICON_NAME = AppIcon;
				CODE_SIGN_STYLE = Automatic;
				DEVELOPMENT_TEAM = 475QH33KPT;
				INFOPLIST_FILE = GDPKit/Info.plist;
				LD_RUNPATH_SEARCH_PATHS = (
					"$(inherited)",
					"@executable_path/Frameworks",
				);
				PRODUCT_BUNDLE_IDENTIFIER = GDPKit.GDPKit;
				PRODUCT_NAME = "$(TARGET_NAME)";
				TARGETED_DEVICE_FAMILY = "1,2";
			};
			name = Debug;
		};
		FE5088D520B66D46002E5159 /* Release */ = {
			isa = XCBuildConfiguration;
			buildSettings = {
				ASSETCATALOG_COMPILER_APPICON_NAME = AppIcon;
				CODE_SIGN_STYLE = Automatic;
				DEVELOPMENT_TEAM = 475QH33KPT;
				INFOPLIST_FILE = GDPKit/Info.plist;
				LD_RUNPATH_SEARCH_PATHS = (
					"$(inherited)",
					"@executable_path/Frameworks",
				);
				PRODUCT_BUNDLE_IDENTIFIER = GDPKit.GDPKit;
				PRODUCT_NAME = "$(TARGET_NAME)";
				TARGETED_DEVICE_FAMILY = "1,2";
			};
			name = Release;
		};
/* End XCBuildConfiguration section */

/* Begin XCConfigurationList section */
		FE5088B820B66D44002E5159 /* Build configuration list for PBXProject "GDPKit" */ = {
			isa = XCConfigurationList;
			buildConfigurations = (
				FE5088D120B66D46002E5159 /* Debug */,
				FE5088D220B66D46002E5159 /* Release */,
			);
			defaultConfigurationIsVisible = 0;
			defaultConfigurationName = Release;
		};
		FE5088D320B66D46002E5159 /* Build configuration list for PBXNativeTarget "GDPKit" */ = {
			isa = XCConfigurationList;
			buildConfigurations = (
				FE5088D420B66D46002E5159 /* Debug */,
				FE5088D520B66D46002E5159 /* Release */,
			);
			defaultConfigurationIsVisible = 0;
			defaultConfigurationName = Release;
		};
/* End XCConfigurationList section */
	};
	rootObject = FE5088B520B66D44002E5159 /* Project object */;
}
